
Microsoft Visual Studio Solution File, Format Version 12.00
# Visual Studio Version 17
VisualStudioVersion = 17.8.34316.72
MinimumVisualStudioVersion = 10.0.40219.1
Project("{FAE04EC0-301F-11D3-BF4B-00C04F79EFBC}") = "hackerrankProjects", "hackerrankProjects\hackerrankProjects.csproj", "{FEA29825-0518-4D62-9EC3-ABB32B78B484}"
EndProject
Global
	GlobalSection(SolutionConfigurationPlatforms) = preSolution
		Debug|Any CPU = Debug|Any CPU
		Release|Any CPU = Release|Any CPU
	EndGlobalSection
	GlobalSection(ProjectConfigurationPlatforms) = postSolution
		{FEA29825-0518-4D62-9EC3-ABB32B78B484}.Debug|Any CPU.ActiveCfg = Debug|Any CPU
		{FEA29825-0518-4D62-9EC3-ABB32B78B484}.Debug|Any CPU.Build.0 = Debug|Any CPU
		{FEA29825-0518-4D62-9EC3-ABB32B78B484}.Release|Any CPU.ActiveCfg = Release|Any CPU
		{FEA29825-0518-4D62-9EC3-ABB32B78B484}.Release|Any CPU.Build.0 = Release|Any CPU
	EndGlobalSection
	GlobalSection(SolutionProperties) = preSolution
		HideSolutionNode = FALSE
	EndGlobalSection
	GlobalSection(ExtensibilityGlobals) = postSolution
		SolutionGuid = {DEBD2E1C-A168-4DFB-BC82-93D01537D642}
	EndGlobalSection
EndGlobal
